{
  "originHash" : "8649c3a82d9c222b51b13a29d9ee111ddb8a2e4a7a38607ab148cc0d2acd206b",
  "pins" : [
    {
      "identity" : "immersiverpckit",
      "kind" : "remoteSourceControl",
      "location" : "https://github.com/kanakanho/ImmersiveRPCKit.git",
      "state" : {
        "branch" : "main",
        "revision" : "38868303cf7cba873c4de589ce7977fa087aa10e"
      }
    }
  ],
  "version" : 3
}
